// !$*UTF8*$!
{
	archiveVersion = 1;
	classes = {
	};
	objectVersion = 48;
	objects = {

/* Begin PBXBuildFile section */
		BC17859520AC8EE500D6F0AA /* Main.storyboard in Resources */ = {isa = PBXBuildFile; fileRef = BC17859320AC8EE500D6F0AA /* Main.storyboard */; };
		BCED6E36207E691A00004E17 /* AppDelegate.swift in Sources */ = {isa = PBXBuildFile; fileRef = BCED6E35207E691A00004E17 /* AppDelegate.swift */; };
		BCED6E38207E691A00004E17 /* ViewController.swift in Sources */ = {isa = PBXBuildFile; fileRef = BCED6E37207E691A00004E17 /* ViewController.swift */; };
		BCED6E3B207E691A00004E17 /* Main.storyboard in Resources */ = {isa = PBXBuildFile; fileRef = BCED6E39207E691A00004E17 /* Main.storyboard */; };
		BCED6E3D207E691A00004E17 /* Assets.xcassets in Resources */ = {isa = PBXBuildFile; fileRef = BCED6E3C207E691A00004E17 /* Assets.xcassets */; };
		BCED6E40207E691A00004E17 /* LaunchScreen.storyboard in Resources */ = {isa = PBXBuildFile; fileRef = BCED6E3E207E691A00004E17 /* LaunchScreen.storyboard */; };
/* End PBXBuildFile section */

/* Begin PBXFileReference section */
		BC17859420AC8EE500D6F0AA /* Base */ = {isa = PBXFileReference; lastKnownFileType = file.storyboard; name = Base; path = "../../../Assignment 3/BettyGU3-4A1Q2/BettyGU3-4A1Q2program/BettyGU3-4A1Q2program/Base.lproj/Main.storyboard"; sourceTree = "<group>"; };
		BCED6E32207E691A00004E17 /* BettyGU2A1Q3.app */ = {isa = PBXFileReference; explicitFileType = wrapper.application; includeInIndex = 0; path = BettyGU2A1Q3.app; sourceTree = BUILT_PRODUCTS_DIR; };
		BCED6E35207E691A00004E17 /* AppDelegate.swift */ = {isa = PBXFileReference; lastKnownFileType = sourcecode.swift; path = AppDelegate.swift; sourceTree = "<group>"; };
		BCED6E37207E691A00004E17 /* ViewController.swift */ = {isa = PBXFileReference; lastKnownFileType = sourcecode.swift; path = ViewController.swift; sourceTree = "<group>"; };
		BCED6E3A207E691A00004E17 /* Base */ = {isa = PBXFileReference; lastKnownFileType = file.storyboard; name = Base; path = Base.lproj/Main.storyboard; sourceTree = "<group>"; };
		BCED6E3C207E691A00004E17 /* Assets.xcassets */ = {isa = PBXFileReference; lastKnownFileType = folder.assetcatalog; path = Assets.xcassets; sourceTree = "<group>"; };
		BCED6E3F207E691A00004E17 /* Base */ = {isa = PBXFileReference; lastKnownFileType = file.storyboard; name = Base; path = Base.lproj/LaunchScreen.storyboard; sourceTree = "<group>"; };
		BCED6E41207E691A00004E17 /* Info.plist */ = {isa = PBXFileReference; lastKnownFileType = text.plist.xml; path = Info.plist; sourceTree = "<group>"; };
/* End PBXFileReference section */

/* Begin PBXFrameworksBuildPhase section */
		BCED6E2F207E691A00004E17 /* Frameworks */ = {
			isa = PBXFrameworksBuildPhase;
			buildActionMask = 2147483647;
			files = (
			);
			runOnlyForDeploymentPostprocessing = 0;
		};
/* End PBXFrameworksBuildPhase section */

/* Begin PBXGroup section */
		BCED6E29207E691A00004E17 = {
			isa = PBXGroup;
			children = (
				BCED6E34207E691A00004E17 /* BettyGU2A1Q3 */,
				BCED6E33207E691A00004E17 /* Products */,
			);
			sourceTree = "<group>";
		};
		BCED6E33207E691A00004E17 /* Products */ = {
			isa = PBXGroup;
			children = (
				BCED6E32207E691A00004E17 /* BettyGU2A1Q3.app */,
			);
			name = Products;
			sourceTree = "<group>";
		};
		BCED6E34207E691A00004E17 /* BettyGU2A1Q3 */ = {
			isa = PBXGroup;
			children = (
				BCED6E35207E691A00004E17 /* AppDelegate.swift */,
				BCED6E37207E691A00004E17 /* ViewController.swift */,
				BCED6E39207E691A00004E17 /* Main.storyboard */,
				BC17859320AC8EE500D6F0AA /* Main.storyboard */,
				BCED6E3C207E691A00004E17 /* Assets.xcassets */,
				BCED6E3E207E691A00004E17 /* LaunchScreen.storyboard */,
				BCED6E41207E691A00004E17 /* Info.plist */,
			);
			path = BettyGU2A1Q3;
			sourceTree = "<group>";
		};
/* End PBXGroup section */

/* Begin PBXNativeTarget section */
		BCED6E31207E691A00004E17 /* BettyGU2A1Q3 */ = {
			isa = PBXNativeTarget;
			buildConfigurationList = BCED6E44207E691A00004E17 /* Build configuration list for PBXNativeTarget "BettyGU2A1Q3" */;
			buildPhases = (
				BCED6E2E207E691A00004E17 /* Sources */,
				BCED6E2F207E691A00004E17 /* Frameworks */,
				BCED6E30207E691A00004E17 /* Resources */,
			);
			buildRules = (
			);
			dependencies = (
			);
			name = BettyGU2A1Q3;
			productName = BettyGU2A1Q3;
			productReference = BCED6E32207E691A00004E17 /* BettyGU2A1Q3.app */;
			productType = "com.apple.product-type.application";
		};
/* End PBXNativeTarget section */

/* Begin PBXProject section */
		BCED6E2A207E691A00004E17 /* Project object */ = {
			isa = PBXProject;
			attributes = {
				LastSwiftUpdateCheck = 0920;
				LastUpgradeCheck = 0920;
				ORGANIZATIONNAME = "Betty Guo";
				TargetAttributes = {
					BCED6E31207E691A00004E17 = {
						CreatedOnToolsVersion = 9.2;
						ProvisioningStyle = Automatic;
					};
				};
			};
			buildConfigurationList = BCED6E2D207E691A00004E17 /* Build configuration list for PBXProject "BettyGU2A1Q3" */;
			compatibilityVersion = "Xcode 8.0";
			developmentRegion = en;
			hasScannedForEncodings = 0;
			knownRegions = (
				en,
				Base,
			);
			mainGroup = BCED6E29207E691A00004E17;
			productRefGroup = BCED6E33207E691A00004E17 /* Products */;
			projectDirPath = "";
			projectRoot = "";
			targets = (
				BCED6E31207E691A00004E17 /* BettyGU2A1Q3 */,
			);
		};
/* End PBXProject section */

/* Begin PBXResourcesBuildPhase section */
		BCED6E30207E691A00004E17 /* Resources */ = {
			isa = PBXResourcesBuildPhase;
			buildActionMask = 2147483647;
			files = (
				BCED6E40207E691A00004E17 /* LaunchScreen.storyboard in Resources */,
				BCED6E3D207E691A00004E17 /* Assets.xcassets in Resources */,
				BCED6E3B207E691A00004E17 /* Main.storyboard in Resources */,
				BC17859520AC8EE500D6F0AA /* Main.storyboard in Resources */,
			);
			runOnlyForDeploymentPostprocessing = 0;
		};
/* End PBXResourcesBuildPhase section */

/* Begin PBXSourcesBuildPhase section */
		BCED6E2E207E691A00004E17 /* Sources */ = {
			isa = PBXSourcesBuildPhase;
			buildActionMask = 2147483647;
			files = (
				BCED6E38207E691A00004E17 /* ViewController.swift in Sources */,
				BCED6E36207E691A00004E17 /* AppDelegate.swift in Sources */,
			);
			runOnlyForDeploymentPostprocessing = 0;
		};
/* End PBXSourcesBuildPhase section */

/* Begin PBXVariantGroup section */
		BC17859320AC8EE500D6F0AA /* Main.storyboard */ = {
			isa = PBXVariantGroup;
			children = (
				BC17859420AC8EE500D6F0AA /* Base */,
			);
			name = Main.storyboard;
			sourceTree = "<group>";
		};
		BCED6E39207E691A00004E17 /* Main.storyboard */ = {
			isa = PBXVariantGroup;
			children = (
				BCED6E3A207E691A00004E17 /* Base */,
			);
			name = Main.storyboard;
			sourceTree = "<group>";
		};
		BCED6E3E207E691A00004E17 /* LaunchScreen.storyboard */ = {
			isa = PBXVariantGroup;
			children = (
				BCED6E3F207E691A00004E17 /* Base */,
			);
			name = LaunchScreen.storyboard;
			sourceTree = "<group>";
		};
/* End PBXVariantGroup section */

/* Begin XCBuildConfiguration section */
		BCED6E42207E691A00004E17 /* Debug */ = {
			isa = XCBuildConfiguration;
			buildSettings = {
				ALWAYS_SEARCH_USER_PATHS = NO;
				CLANG_ANALYZER_NONNULL = YES;
				CLANG_ANALYZER_NUMBER_OBJECT_CONVERSION = YES_AGGRESSIVE;
				CLANG_CXX_LANGUAGE_STANDARD = "gnu++14";
				CLANG_CXX_LIBRARY = "libc++";
				CLANG_ENABLE_MODULES = YES;
				CLANG_ENABLE_OBJC_ARC = YES;
				CLANG_WARN_BLOCK_CAPTURE_AUTORELEASING = YES;
				CLANG_WARN_BOOL_CONVERSION = YES;
				CLANG_WARN_COMMA = YES;
				CLANG_WARN_CONSTANT_CONVERSION = YES;
				CLANG_WARN_DIRECT_OBJC_ISA_USAGE = YES_ERROR;
				CLANG_WARN_DOCUMENTATION_COMMENTS = YES;
				CLANG_WARN_EMPTY_BODY = YES;
				CLANG_WARN_ENUM_CONVERSION = YES;
				CLANG_WARN_INFINITE_RECURSION = YES;
				CLANG_WARN_INT_CONVERSION = YES;
				CLANG_WARN_NON_LITERAL_NULL_CONVERSION = YES;
				CLANG_WARN_OBJC_LITERAL_CONVERSION = YES;
				CLANG_WARN_OBJC_ROOT_CLASS = YES_ERROR;
				CLANG_WARN_RANGE_LOOP_ANALYSIS = YES;
				CLANG_WARN_STRICT_PROTOTYPES = YES;
				CLANG_WARN_SUSPICIOUS_MOVE = YES;
				CLANG_WARN_UNGUARDED_AVAILABILITY = YES_AGGRESSIVE;
				CLANG_WARN_UNREACHABLE_CODE = YES;
				CLANG_WARN__DUPLICATE_METHOD_MATCH = YES;
				CODE_SIGN_IDENTITY = "iPhone Developer";
				COPY_PHASE_STRIP = NO;
				DEBUG_INFORMATION_FORMAT = dwarf;
				ENABLE_STRICT_OBJC_MSGSEND = YES;
				ENABLE_TESTABILITY = YES;
				GCC_C_LANGUAGE_STANDARD = gnu11;
				GCC_DYNAMIC_NO_PIC = NO;
				GCC_NO_COMMON_BLOCKS = YES;
				GCC_OPTIMIZATION_LEVEL = 0;
				GCC_PREPROCESSOR_DEFINITIONS = (
					"DEBUG=1",
					"$(inherited)",
				);
				GCC_WARN_64_TO_32_BIT_CONVERSION = YES;
				GCC_WARN_ABOUT_RETURN_TYPE = YES_ERROR;
				GCC_WARN_UNDECLARED_SELECTOR = YES;
				GCC_WARN_UNINITIALIZED_AUTOS = YES_AGGRESSIVE;
				GCC_WARN_UNUSED_FUNCTION = YES;
				GCC_WARN_UNUSED_VARIABLE = YES;
				IPHONEOS_DEPLOYMENT_TARGET = 11.2;
				MTL_ENABLE_DEBUG_INFO = YES;
				ONLY_ACTIVE_ARCH = YES;
				SDKROOT = iphoneos;
				SWIFT_ACTIVE_COMPILATION_CONDITIONS = DEBUG;
				SWIFT_OPTIMIZATION_LEVEL = "-Onone";
			};
			name = Debug;
		};
		BCED6E43207E691A00004E17 /* Release */ = {
			isa = XCBuildConfiguration;
			buildSettings = {
				ALWAYS_SEARCH_USER_PATHS = NO;
				CLANG_ANALYZER_NONNULL = YES;
				CLANG_ANALYZER_NUMBER_OBJECT_CONVERSION = YES_AGGRESSIVE;
				CLANG_CXX_LANGUAGE_STANDARD = "gnu++14";
				CLANG_CXX_LIBRARY = "libc++";
				CLANG_ENABLE_MODULES = YES;
				CLANG_ENABLE_OBJC_ARC = YES;
				CLANG_WARN_BLOCK_CAPTURE_AUTORELEASING = YES;
				CLANG_WARN_BOOL_CONVERSION = YES;
				CLANG_WARN_COMMA = YES;
				CLANG_WARN_CONSTANT_CONVERSION = YES;
				CLANG_WARN_DIRECT_OBJC_ISA_USAGE = YES_ERROR;
				CLANG_WARN_DOCUMENTATION_COMMENTS = YES;
				CLANG_WARN_EMPTY_BODY = YES;
				CLANG_WARN_ENUM_CONVERSION = YES;
				CLANG_WARN_INFINITE_RECURSION = YES;
				CLANG_WARN_INT_CONVERSION = YES;
				CLANG_WARN_NON_LITERAL_NULL_CONVERSION = YES;
				CLANG_WARN_OBJC_LITERAL_CONVERSION = YES;
				CLANG_WARN_OBJC_ROOT_CLASS = YES_ERROR;
				CLANG_WARN_RANGE_LOOP_ANALYSIS = YES;
				CLANG_WARN_STRICT_PROTOTYPES = YES;
				CLANG_WARN_SUSPICIOUS_MOVE = YES;
				CLANG_WARN_UNGUARDED_AVAILABILITY = YES_AGGRESSIVE;
				CLANG_WARN_UNREACHABLE_CODE = YES;
				CLANG_WARN__DUPLICATE_METHOD_MATCH = YES;
				CODE_SIGN_IDENTITY = "iPhone Developer";
				COPY_PHASE_STRIP = NO;
				DEBUG_INFORMATION_FORMAT = "dwarf-with-dsym";
				ENABLE_NS_ASSERTIONS = NO;
				ENABLE_STRICT_OBJC_MSGSEND = YES;
				GCC_C_LANGUAGE_STANDARD = gnu11;
				GCC_NO_COMMON_BLOCKS = YES;
				GCC_WARN_64_TO_32_BIT_CONVERSION = YES;
				GCC_WARN_ABOUT_RETURN_TYPE = YES_ERROR;
				GCC_WARN_UNDECLARED_SELECTOR = YES;
				GCC_WARN_UNINITIALIZED_AUTOS = YES_AGGRESSIVE;
				GCC_WARN_UNUSED_FUNCTION = YES;
				GCC_WARN_UNUSED_VARIABLE = YES;
				IPHONEOS_DEPLOYMENT_TARGET = 11.2;
				MTL_ENABLE_DEBUG_INFO = NO;
				SDKROOT = iphoneos;
				SWIFT_OPTIMIZATION_LEVEL = "-Owholemodule";
				VALIDATE_PRODUCT = YES;
			};
			name = Release;
		};
		BCED6E45207E691A00004E17 /* Debug */ = {
			isa = XCBuildConfiguration;
			buildSettings = {
				ASSETCATALOG_COMPILER_APPICON_NAME = AppIcon;
				CODE_SIGN_STYLE = Automatic;
				INFOPLIST_FILE = BettyGU2A1Q3/Info.plist;
				LD_RUNPATH_SEARCH_PATHS = "$(inherited) @executable_path/Frameworks";
				PRODUCT_BUNDLE_IDENTIFIER = com.example.BettyGU2A1Q3;
				PRODUCT_NAME = "$(TARGET_NAME)";
				SWIFT_VERSION = 4.0;
				TARGETED_DEVICE_FAMILY = "1,2";
			};
			name = Debug;
		};
		BCED6E46207E691A00004E17 /* Release */ = {
			isa = XCBuildConfiguration;
			buildSettings = {
				ASSETCATALOG_COMPILER_APPICON_NAME = AppIcon;
				CODE_SIGN_STYLE = Automatic;
				INFOPLIST_FILE = BettyGU2A1Q3/Info.plist;
				LD_RUNPATH_SEARCH_PATHS = "$(inherited) @executable_path/Frameworks";
				PRODUCT_BUNDLE_IDENTIFIER = com.example.BettyGU2A1Q3;
				PRODUCT_NAME = "$(TARGET_NAME)";
				SWIFT_VERSION = 4.0;
				TARGETED_DEVICE_FAMILY = "1,2";
			};
			name = Release;
		};
/* End XCBuildConfiguration section */

/* Begin XCConfigurationList section */
		BCED6E2D207E691A00004E17 /* Build configuration list for PBXProject "BettyGU2A1Q3" */ = {
			isa = XCConfigurationList;
			buildConfigurations = (
				BCED6E42207E691A00004E17 /* Debug */,
				BCED6E43207E691A00004E17 /* Release */,
			);
			defaultConfigurationIsVisible = 0;
			defaultConfigurationName = Release;
		};
		BCED6E44207E691A00004E17 /* Build configuration list for PBXNativeTarget "BettyGU2A1Q3" */ = {
			isa = XCConfigurationList;
			buildConfigurations = (
				BCED6E45207E691A00004E17 /* Debug */,
				BCED6E46207E691A00004E17 /* Release */,
			);
			defaultConfigurationIsVisible = 0;
			defaultConfigurationName = Release;
		};
/* End XCConfigurationList section */
	};
	rootObject = BCED6E2A207E691A00004E17 /* Project object */;
}
